// !$*UTF8*$!
{
	archiveVersion = 1;
	classes = {
	};
	objectVersion = 46;
	objects = {

/* Begin PBXBuildFile section */
		E695B8751CFE7312001FF2A9 /* main.m in Sources */ = {isa = PBXBuildFile; fileRef = E695B8741CFE7312001FF2A9 /* main.m */; };
		E695B8781CFE7312001FF2A9 /* AppDelegate.m in Sources */ = {isa = PBXBuildFile; fileRef = E695B8771CFE7312001FF2A9 /* AppDelegate.m */; };
		E695B87B1CFE7312001FF2A9 /* ViewController.m in Sources */ = {isa = PBXBuildFile; fileRef = E695B87A1CFE7312001FF2A9 /* ViewController.m */; };
		E695B87E1CFE7312001FF2A9 /* Main.storyboard in Resources */ = {isa = PBXBuildFile; fileRef = E695B87C1CFE7312001FF2A9 /* Main.storyboard */; };
		E695B8801CFE7312001FF2A9 /* Assets.xcassets in Resources */ = {isa = PBXBuildFile; fileRef = E695B87F1CFE7312001FF2A9 /* Assets.xcassets */; };
		E695B8831CFE7312001FF2A9 /* LaunchScreen.storyboard in Resources */ = {isa = PBXBuildFile; fileRef = E695B8811CFE7312001FF2A9 /* LaunchScreen.storyboard */; };
		E695B88E1CFE7312001FF2A9 /* UIDatePickerModeCountDownTimerTests.m in Sources */ = {isa = PBXBuildFile; fileRef = E695B88D1CFE7312001FF2A9 /* UIDatePickerModeCountDownTimerTests.m */; };
		E695B8991CFE7312001FF2A9 /* UIDatePickerModeCountDownTimerUITests.m in Sources */ = {isa = PBXBuildFile; fileRef = E695B8981CFE7312001FF2A9 /* UIDatePickerModeCountDownTimerUITests.m */; };
/* End PBXBuildFile section */

/* Begin PBXContainerItemProxy section */
		E695B88A1CFE7312001FF2A9 /* PBXContainerItemProxy */ = {
			isa = PBXContainerItemProxy;
			containerPortal = E695B8681CFE7312001FF2A9 /* Project object */;
			proxyType = 1;
			remoteGlobalIDString = E695B86F1CFE7312001FF2A9;
			remoteInfo = UIDatePickerModeCountDownTimer;
		};
		E695B8951CFE7312001FF2A9 /* PBXContainerItemProxy */ = {
			isa = PBXContainerItemProxy;
			containerPortal = E695B8681CFE7312001FF2A9 /* Project object */;
			proxyType = 1;
			remoteGlobalIDString = E695B86F1CFE7312001FF2A9;
			remoteInfo = UIDatePickerModeCountDownTimer;
		};
/* End PBXContainerItemProxy section */

/* Begin PBXFileReference section */
		E695B8701CFE7312001FF2A9 /* UIDatePickerModeCountDownTimer.app */ = {isa = PBXFileReference; explicitFileType = wrapper.application; includeInIndex = 0; path = UIDatePickerModeCountDownTimer.app; sourceTree = BUILT_PRODUCTS_DIR; };
		E695B8741CFE7312001FF2A9 /* main.m */ = {isa = PBXFileReference; lastKnownFileType = sourcecode.c.objc; path = main.m; sourceTree = "<group>"; };
		E695B8761CFE7312001FF2A9 /* AppDelegate.h */ = {isa = PBXFileReference; lastKnownFileType = sourcecode.c.h; path = AppDelegate.h; sourceTree = "<group>"; };
		E695B8771CFE7312001FF2A9 /* AppDelegate.m */ = {isa = PBXFileReference; lastKnownFileType = sourcecode.c.objc; path = AppDelegate.m; sourceTree = "<group>"; };
		E695B8791CFE7312001FF2A9 /* ViewController.h */ = {isa = PBXFileReference; lastKnownFileType = sourcecode.c.h; path = ViewController.h; sourceTree = "<group>"; };
		E695B87A1CFE7312001FF2A9 /* ViewController.m */ = {isa = PBXFileReference; lastKnownFileType = sourcecode.c.objc; path = ViewController.m; sourceTree = "<group>"; };
		E695B87D1CFE7312001FF2A9 /* Base */ = {isa = PBXFileReference; lastKnownFileType = file.storyboard; name = Base; path = Base.lproj/Main.storyboard; sourceTree = "<group>"; };
		E695B87F1CFE7312001FF2A9 /* Assets.xcassets */ = {isa = PBXFileReference; lastKnownFileType = folder.assetcatalog; path = Assets.xcassets; sourceTree = "<group>"; };
		E695B8821CFE7312001FF2A9 /* Base */ = {isa = PBXFileReference; lastKnownFileType = file.storyboard; name = Base; path = Base.lproj/LaunchScreen.storyboard; sourceTree = "<group>"; };
		E695B8841CFE7312001FF2A9 /* Info.plist */ = {isa = PBXFileReference; lastKnownFileType = text.plist.xml; path = Info.plist; sourceTree = "<group>"; };
		E695B8891CFE7312001FF2A9 /* UIDatePickerModeCountDownTimerTests.xctest */ = {isa = PBXFileReference; explicitFileType = wrapper.cfbundle; includeInIndex = 0; path = UIDatePickerModeCountDownTimerTests.xctest; sourceTree = BUILT_PRODUCTS_DIR; };
		E695B88D1CFE7312001FF2A9 /* UIDatePickerModeCountDownTimerTests.m */ = {isa = PBXFileReference; lastKnownFileType = sourcecode.c.objc; path = UIDatePickerModeCountDownTimerTests.m; sourceTree = "<group>"; };
		E695B88F1CFE7312001FF2A9 /* Info.plist */ = {isa = PBXFileReference; lastKnownFileType = text.plist.xml; path = Info.plist; sourceTree = "<group>"; };
		E695B8941CFE7312001FF2A9 /* UIDatePickerModeCountDownTimerUITests.xctest */ = {isa = PBXFileReference; explicitFileType = wrapper.cfbundle; includeInIndex = 0; path = UIDatePickerModeCountDownTimerUITests.xctest; sourceTree = BUILT_PRODUCTS_DIR; };
		E695B8981CFE7312001FF2A9 /* UIDatePickerModeCountDownTimerUITests.m */ = {isa = PBXFileReference; lastKnownFileType = sourcecode.c.objc; path = UIDatePickerModeCountDownTimerUITests.m; sourceTree = "<group>"; };
		E695B89A1CFE7312001FF2A9 /* Info.plist */ = {isa = PBXFileReference; lastKnownFileType = text.plist.xml; path = Info.plist; sourceTree = "<group>"; };
		E695B8A61CFE7359001FF2A9 /* zh-Hans */ = {isa = PBXFileReference; lastKnownFileType = text.plist.strings; name = "zh-Hans"; path = "zh-Hans.lproj/Main.strings"; sourceTree = "<group>"; };
		E695B8A71CFE7359001FF2A9 /* zh-Hans */ = {isa = PBXFileReference; lastKnownFileType = text.plist.strings; name = "zh-Hans"; path = "zh-Hans.lproj/LaunchScreen.strings"; sourceTree = "<group>"; };
/* End PBXFileReference section */

/* Begin PBXFrameworksBuildPhase section */
		E695B86D1CFE7312001FF2A9 /* Frameworks */ = {
			isa = PBXFrameworksBuildPhase;
			buildActionMask = 2147483647;
			files = (
			);
			runOnlyForDeploymentPostprocessing = 0;
		};
		E695B8861CFE7312001FF2A9 /* Frameworks */ = {
			isa = PBXFrameworksBuildPhase;
			buildActionMask = 2147483647;
			files = (
			);
			runOnlyForDeploymentPostprocessing = 0;
		};
		E695B8911CFE7312001FF2A9 /* Frameworks */ = {
			isa = PBXFrameworksBuildPhase;
			buildActionMask = 2147483647;
			files = (
			);
			runOnlyForDeploymentPostprocessing = 0;
		};
/* End PBXFrameworksBuildPhase section */

/* Begin PBXGroup section */
		E695B8671CFE7312001FF2A9 = {
			isa = PBXGroup;
			children = (
				E695B8721CFE7312001FF2A9 /* UIDatePickerModeCountDownTimer */,
				E695B88C1CFE7312001FF2A9 /* UIDatePickerModeCountDownTimerTests */,
				E695B8971CFE7312001FF2A9 /* UIDatePickerModeCountDownTimerUITests */,
				E695B8711CFE7312001FF2A9 /* Products */,
			);
			sourceTree = "<group>";
		};
		E695B8711CFE7312001FF2A9 /* Products */ = {
			isa = PBXGroup;
			children = (
				E695B8701CFE7312001FF2A9 /* UIDatePickerModeCountDownTimer.app */,
				E695B8891CFE7312001FF2A9 /* UIDatePickerModeCountDownTimerTests.xctest */,
				E695B8941CFE7312001FF2A9 /* UIDatePickerModeCountDownTimerUITests.xctest */,
			);
			name = Products;
			sourceTree = "<group>";
		};
		E695B8721CFE7312001FF2A9 /* UIDatePickerModeCountDownTimer */ = {
			isa = PBXGroup;
			children = (
				E695B8761CFE7312001FF2A9 /* AppDelegate.h */,
				E695B8771CFE7312001FF2A9 /* AppDelegate.m */,
				E695B8791CFE7312001FF2A9 /* ViewController.h */,
				E695B87A1CFE7312001FF2A9 /* ViewController.m */,
				E695B87C1CFE7312001FF2A9 /* Main.storyboard */,
				E695B87F1CFE7312001FF2A9 /* Assets.xcassets */,
				E695B8811CFE7312001FF2A9 /* LaunchScreen.storyboard */,
				E695B8841CFE7312001FF2A9 /* Info.plist */,
				E695B8731CFE7312001FF2A9 /* Supporting Files */,
			);
			path = UIDatePickerModeCountDownTimer;
			sourceTree = "<group>";
		};
		E695B8731CFE7312001FF2A9 /* Supporting Files */ = {
			isa = PBXGroup;
			children = (
				E695B8741CFE7312001FF2A9 /* main.m */,
			);
			name = "Supporting Files";
			sourceTree = "<group>";
		};
		E695B88C1CFE7312001FF2A9 /* UIDatePickerModeCountDownTimerTests */ = {
			isa = PBXGroup;
			children = (
				E695B88D1CFE7312001FF2A9 /* UIDatePickerModeCountDownTimerTests.m */,
				E695B88F1CFE7312001FF2A9 /* Info.plist */,
			);
			path = UIDatePickerModeCountDownTimerTests;
			sourceTree = "<group>";
		};
		E695B8971CFE7312001FF2A9 /* UIDatePickerModeCountDownTimerUITests */ = {
			isa = PBXGroup;
			children = (
				E695B8981CFE7312001FF2A9 /* UIDatePickerModeCountDownTimerUITests.m */,
				E695B89A1CFE7312001FF2A9 /* Info.plist */,
			);
			path = UIDatePickerModeCountDownTimerUITests;
			sourceTree = "<group>";
		};
/* End PBXGroup section */

/* Begin PBXNativeTarget section */
		E695B86F1CFE7312001FF2A9 /* UIDatePickerModeCountDownTimer */ = {
			isa = PBXNativeTarget;
			buildConfigurationList = E695B89D1CFE7312001FF2A9 /* Build configuration list for PBXNativeTarget "UIDatePickerModeCountDownTimer" */;
			buildPhases = (
				E695B86C1CFE7312001FF2A9 /* Sources */,
				E695B86D1CFE7312001FF2A9 /* Frameworks */,
				E695B86E1CFE7312001FF2A9 /* Resources */,
			);
			buildRules = (
			);
			dependencies = (
			);
			name = UIDatePickerModeCountDownTimer;
			productName = UIDatePickerModeCountDownTimer;
			productReference = E695B8701CFE7312001FF2A9 /* UIDatePickerModeCountDownTimer.app */;
			productType = "com.apple.product-type.application";
		};
		E695B8881CFE7312001FF2A9 /* UIDatePickerModeCountDownTimerTests */ = {
			isa = PBXNativeTarget;
			buildConfigurationList = E695B8A01CFE7312001FF2A9 /* Build configuration list for PBXNativeTarget "UIDatePickerModeCountDownTimerTests" */;
			buildPhases = (
				E695B8851CFE7312001FF2A9 /* Sources */,
				E695B8861CFE7312001FF2A9 /* Frameworks */,
				E695B8871CFE7312001FF2A9 /* Resources */,
			);
			buildRules = (
			);
			dependencies = (
				E695B88B1CFE7312001FF2A9 /* PBXTargetDependency */,
			);
			name = UIDatePickerModeCountDownTimerTests;
			productName = UIDatePickerModeCountDownTimerTests;
			productReference = E695B8891CFE7312001FF2A9 /* UIDatePickerModeCountDownTimerTests.xctest */;
			productType = "com.apple.product-type.bundle.unit-test";
		};
		E695B8931CFE7312001FF2A9 /* UIDatePickerModeCountDownTimerUITests */ = {
			isa = PBXNativeTarget;
			buildConfigurationList = E695B8A31CFE7312001FF2A9 /* Build configuration list for PBXNativeTarget "UIDatePickerModeCountDownTimerUITests" */;
			buildPhases = (
				E695B8901CFE7312001FF2A9 /* Sources */,
				E695B8911CFE7312001FF2A9 /* Frameworks */,
				E695B8921CFE7312001FF2A9 /* Resources */,
			);
			buildRules = (
			);
			dependencies = (
				E695B8961CFE7312001FF2A9 /* PBXTargetDependency */,
			);
			name = UIDatePickerModeCountDownTimerUITests;
			productName = UIDatePickerModeCountDownTimerUITests;
			productReference = E695B8941CFE7312001FF2A9 /* UIDatePickerModeCountDownTimerUITests.xctest */;
			productType = "com.apple.product-type.bundle.ui-testing";
		};
/* End PBXNativeTarget section */

/* Begin PBXProject section */
		E695B8681CFE7312001FF2A9 /* Project object */ = {
			isa = PBXProject;
			attributes = {
				LastUpgradeCheck = 0720;
				ORGANIZATIONNAME = "陈昆涛";
				TargetAttributes = {
					E695B86F1CFE7312001FF2A9 = {
						CreatedOnToolsVersion = 7.2;
					};
					E695B8881CFE7312001FF2A9 = {
						CreatedOnToolsVersion = 7.2;
						TestTargetID = E695B86F1CFE7312001FF2A9;
					};
					E695B8931CFE7312001FF2A9 = {
						CreatedOnToolsVersion = 7.2;
						TestTargetID = E695B86F1CFE7312001FF2A9;
					};
				};
			};
			buildConfigurationList = E695B86B1CFE7312001FF2A9 /* Build configuration list for PBXProject "UIDatePickerModeCountDownTimer" */;
			compatibilityVersion = "Xcode 3.2";
			developmentRegion = English;
			hasScannedForEncodings = 0;
			knownRegions = (
				Base,
			);
			mainGroup = E695B8671CFE7312001FF2A9;
			productRefGroup = E695B8711CFE7312001FF2A9 /* Products */;
			projectDirPath = "";
			projectRoot = "";
			targets = (
				E695B86F1CFE7312001FF2A9 /* UIDatePickerModeCountDownTimer */,
				E695B8881CFE7312001FF2A9 /* UIDatePickerModeCountDownTimerTests */,
				E695B8931CFE7312001FF2A9 /* UIDatePickerModeCountDownTimerUITests */,
			);
		};
/* End PBXProject section */

/* Begin PBXResourcesBuildPhase section */
		E695B86E1CFE7312001FF2A9 /* Resources */ = {
			isa = PBXResourcesBuildPhase;
			buildActionMask = 2147483647;
			files = (
				E695B8831CFE7312001FF2A9 /* LaunchScreen.storyboard in Resources */,
				E695B8801CFE7312001FF2A9 /* Assets.xcassets in Resources */,
				E695B87E1CFE7312001FF2A9 /* Main.storyboard in Resources */,
			);
			runOnlyForDeploymentPostprocessing = 0;
		};
		E695B8871CFE7312001FF2A9 /* Resources */ = {
			isa = PBXResourcesBuildPhase;
			buildActionMask = 2147483647;
			files = (
			);
			runOnlyForDeploymentPostprocessing = 0;
		};
		E695B8921CFE7312001FF2A9 /* Resources */ = {
			isa = PBXResourcesBuildPhase;
			buildActionMask = 2147483647;
			files = (
			);
			runOnlyForDeploymentPostprocessing = 0;
		};
/* End PBXResourcesBuildPhase section */

/* Begin PBXSourcesBuildPhase section */
		E695B86C1CFE7312001FF2A9 /* Sources */ = {
			isa = PBXSourcesBuildPhase;
			buildActionMask = 2147483647;
			files = (
				E695B87B1CFE7312001FF2A9 /* ViewController.m in Sources */,
				E695B8781CFE7312001FF2A9 /* AppDelegate.m in Sources */,
				E695B8751CFE7312001FF2A9 /* main.m in Sources */,
			);
			runOnlyForDeploymentPostprocessing = 0;
		};
		E695B8851CFE7312001FF2A9 /* Sources */ = {
			isa = PBXSourcesBuildPhase;
			buildActionMask = 2147483647;
			files = (
				E695B88E1CFE7312001FF2A9 /* UIDatePickerModeCountDownTimerTests.m in Sources */,
			);
			runOnlyForDeploymentPostprocessing = 0;
		};
		E695B8901CFE7312001FF2A9 /* Sources */ = {
			isa = PBXSourcesBuildPhase;
			buildActionMask = 2147483647;
			files = (
				E695B8991CFE7312001FF2A9 /* UIDatePickerModeCountDownTimerUITests.m in Sources */,
			);
			runOnlyForDeploymentPostprocessing = 0;
		};
/* End PBXSourcesBuildPhase section */

/* Begin PBXTargetDependency section */
		E695B88B1CFE7312001FF2A9 /* PBXTargetDependency */ = {
			isa = PBXTargetDependency;
			target = E695B86F1CFE7312001FF2A9 /* UIDatePickerModeCountDownTimer */;
			targetProxy = E695B88A1CFE7312001FF2A9 /* PBXContainerItemProxy */;
		};
		E695B8961CFE7312001FF2A9 /* PBXTargetDependency */ = {
			isa = PBXTargetDependency;
			target = E695B86F1CFE7312001FF2A9 /* UIDatePickerModeCountDownTimer */;
			targetProxy = E695B8951CFE7312001FF2A9 /* PBXContainerItemProxy */;
		};
/* End PBXTargetDependency section */

/* Begin PBXVariantGroup section */
		E695B87C1CFE7312001FF2A9 /* Main.storyboard */ = {
			isa = PBXVariantGroup;
			children = (
				E695B87D1CFE7312001FF2A9 /* Base */,
				E695B8A61CFE7359001FF2A9 /* zh-Hans */,
			);
			name = Main.storyboard;
			sourceTree = "<group>";
		};
		E695B8811CFE7312001FF2A9 /* LaunchScreen.storyboard */ = {
			isa = PBXVariantGroup;
			children = (
				E695B8821CFE7312001FF2A9 /* Base */,
				E695B8A71CFE7359001FF2A9 /* zh-Hans */,
			);
			name = LaunchScreen.storyboard;
			sourceTree = "<group>";
		};
/* End PBXVariantGroup section */

/* Begin XCBuildConfiguration section */
		E695B89B1CFE7312001FF2A9 /* Debug */ = {
			isa = XCBuildConfiguration;
			buildSettings = {
				ALWAYS_SEARCH_USER_PATHS = NO;
				CLANG_CXX_LANGUAGE_STANDARD = "gnu++0x";
				CLANG_CXX_LIBRARY = "libc++";
				CLANG_ENABLE_MODULES = YES;
				CLANG_ENABLE_OBJC_ARC = YES;
				CLANG_WARN_BOOL_CONVERSION = YES;
				CLANG_WARN_CONSTANT_CONVERSION = YES;
				CLANG_WARN_DIRECT_OBJC_ISA_USAGE = YES_ERROR;
				CLANG_WARN_EMPTY_BODY = YES;
				CLANG_WARN_ENUM_CONVERSION = YES;
				CLANG_WARN_INT_CONVERSION = YES;
				CLANG_WARN_OBJC_ROOT_CLASS = YES_ERROR;
				CLANG_WARN_UNREACHABLE_CODE = YES;
				CLANG_WARN__DUPLICATE_METHOD_MATCH = YES;
				"CODE_SIGN_IDENTITY[sdk=iphoneos*]" = "iPhone Developer";
				COPY_PHASE_STRIP = NO;
				DEBUG_INFORMATION_FORMAT = dwarf;
				ENABLE_STRICT_OBJC_MSGSEND = YES;
				ENABLE_TESTABILITY = YES;
				GCC_C_LANGUAGE_STANDARD = gnu99;
				GCC_DYNAMIC_NO_PIC = NO;
				GCC_NO_COMMON_BLOCKS = YES;
				GCC_OPTIMIZATION_LEVEL = 0;
				GCC_PREPROCESSOR_DEFINITIONS = (
					"DEBUG=1",
					"$(inherited)",
				);
				GCC_WARN_64_TO_32_BIT_CONVERSION = YES;
				GCC_WARN_ABOUT_RETURN_TYPE = YES_ERROR;
				GCC_WARN_UNDECLARED_SELECTOR = YES;
				GCC_WARN_UNINITIALIZED_AUTOS = YES_AGGRESSIVE;
				GCC_WARN_UNUSED_FUNCTION = YES;
				GCC_WARN_UNUSED_VARIABLE = YES;
				IPHONEOS_DEPLOYMENT_TARGET = 9.2;
				MTL_ENABLE_DEBUG_INFO = YES;
				ONLY_ACTIVE_ARCH = YES;
				SDKROOT = iphoneos;
				TARGETED_DEVICE_FAMILY = "1,2";
			};
			name = Debug;
		};
		E695B89C1CFE7312001FF2A9 /* Release */ = {
			isa = XCBuildConfiguration;
			buildSettings = {
				ALWAYS_SEARCH_USER_PATHS = NO;
				CLANG_CXX_LANGUAGE_STANDARD = "gnu++0x";
				CLANG_CXX_LIBRARY = "libc++";
				CLANG_ENABLE_MODULES = YES;
				CLANG_ENABLE_OBJC_ARC = YES;
				CLANG_WARN_BOOL_CONVERSION = YES;
				CLANG_WARN_CONSTANT_CONVERSION = YES;
				CLANG_WARN_DIRECT_OBJC_ISA_USAGE = YES_ERROR;
				CLANG_WARN_EMPTY_BODY = YES;
				CLANG_WARN_ENUM_CONVERSION = YES;
				CLANG_WARN_INT_CONVERSION = YES;
				CLANG_WARN_OBJC_ROOT_CLASS = YES_ERROR;
				CLANG_WARN_UNREACHABLE_CODE = YES;
				CLANG_WARN__DUPLICATE_METHOD_MATCH = YES;
				"CODE_SIGN_IDENTITY[sdk=iphoneos*]" = "iPhone Developer";
				COPY_PHASE_STRIP = NO;
				DEBUG_INFORMATION_FORMAT = "dwarf-with-dsym";
				ENABLE_NS_ASSERTIONS = NO;
				ENABLE_STRICT_OBJC_MSGSEND = YES;
				GCC_C_LANGUAGE_STANDARD = gnu99;
				GCC_NO_COMMON_BLOCKS = YES;
				GCC_WARN_64_TO_32_BIT_CONVERSION = YES;
				GCC_WARN_ABOUT_RETURN_TYPE = YES_ERROR;
				GCC_WARN_UNDECLARED_SELECTOR = YES;
				GCC_WARN_UNINITIALIZED_AUTOS = YES_AGGRESSIVE;
				GCC_WARN_UNUSED_FUNCTION = YES;
				GCC_WARN_UNUSED_VARIABLE = YES;
				IPHONEOS_DEPLOYMENT_TARGET = 9.2;
				MTL_ENABLE_DEBUG_INFO = NO;
				SDKROOT = iphoneos;
				TARGETED_DEVICE_FAMILY = "1,2";
				VALIDATE_PRODUCT = YES;
			};
			name = Release;
		};
		E695B89E1CFE7312001FF2A9 /* Debug */ = {
			isa = XCBuildConfiguration;
			buildSettings = {
				ASSETCATALOG_COMPILER_APPICON_NAME = AppIcon;
				INFOPLIST_FILE = UIDatePickerModeCountDownTimer/Info.plist;
				LD_RUNPATH_SEARCH_PATHS = "$(inherited) @executable_path/Frameworks";
				PRODUCT_BUNDLE_IDENTIFIER = Karma.UIDatePickerModeCountDownTimer;
				PRODUCT_NAME = "$(TARGET_NAME)";
			};
			name = Debug;
		};
		E695B89F1CFE7312001FF2A9 /* Release */ = {
			isa = XCBuildConfiguration;
			buildSettings = {
				ASSETCATALOG_COMPILER_APPICON_NAME = AppIcon;
				INFOPLIST_FILE = UIDatePickerModeCountDownTimer/Info.plist;
				LD_RUNPATH_SEARCH_PATHS = "$(inherited) @executable_path/Frameworks";
				PRODUCT_BUNDLE_IDENTIFIER = Karma.UIDatePickerModeCountDownTimer;
				PRODUCT_NAME = "$(TARGET_NAME)";
			};
			name = Release;
		};
		E695B8A11CFE7312001FF2A9 /* Debug */ = {
			isa = XCBuildConfiguration;
			buildSettings = {
				BUNDLE_LOADER = "$(TEST_HOST)";
				INFOPLIST_FILE = UIDatePickerModeCountDownTimerTests/Info.plist;
				LD_RUNPATH_SEARCH_PATHS = "$(inherited) @executable_path/Frameworks @loader_path/Frameworks";
				PRODUCT_BUNDLE_IDENTIFIER = Karma.UIDatePickerModeCountDownTimerTests;
				PRODUCT_NAME = "$(TARGET_NAME)";
				TEST_HOST = "$(BUILT_PRODUCTS_DIR)/UIDatePickerModeCountDownTimer.app/UIDatePickerModeCountDownTimer";
			};
			name = Debug;
		};
		E695B8A21CFE7312001FF2A9 /* Release */ = {
			isa = XCBuildConfiguration;
			buildSettings = {
				BUNDLE_LOADER = "$(TEST_HOST)";
				INFOPLIST_FILE = UIDatePickerModeCountDownTimerTests/Info.plist;
				LD_RUNPATH_SEARCH_PATHS = "$(inherited) @executable_path/Frameworks @loader_path/Frameworks";
				PRODUCT_BUNDLE_IDENTIFIER = Karma.UIDatePickerModeCountDownTimerTests;
				PRODUCT_NAME = "$(TARGET_NAME)";
				TEST_HOST = "$(BUILT_PRODUCTS_DIR)/UIDatePickerModeCountDownTimer.app/UIDatePickerModeCountDownTimer";
			};
			name = Release;
		};
		E695B8A41CFE7312001FF2A9 /* Debug */ = {
			isa = XCBuildConfiguration;
			buildSettings = {
				INFOPLIST_FILE = UIDatePickerModeCountDownTimerUITests/Info.plist;
				LD_RUNPATH_SEARCH_PATHS = "$(inherited) @executable_path/Frameworks @loader_path/Frameworks";
				PRODUCT_BUNDLE_IDENTIFIER = Karma.UIDatePickerModeCountDownTimerUITests;
				PRODUCT_NAME = "$(TARGET_NAME)";
				TEST_TARGET_NAME = UIDatePickerModeCountDownTimer;
				USES_XCTRUNNER = YES;
			};
			name = Debug;
		};
		E695B8A51CFE7312001FF2A9 /* Release */ = {
			isa = XCBuildConfiguration;
			buildSettings = {
				INFOPLIST_FILE = UIDatePickerModeCountDownTimerUITests/Info.plist;
				LD_RUNPATH_SEARCH_PATHS = "$(inherited) @executable_path/Frameworks @loader_path/Frameworks";
				PRODUCT_BUNDLE_IDENTIFIER = Karma.UIDatePickerModeCountDownTimerUITests;
				PRODUCT_NAME = "$(TARGET_NAME)";
				TEST_TARGET_NAME = UIDatePickerModeCountDownTimer;
				USES_XCTRUNNER = YES;
			};
			name = Release;
		};
/* End XCBuildConfiguration section */

/* Begin XCConfigurationList section */
		E695B86B1CFE7312001FF2A9 /* Build configuration list for PBXProject "UIDatePickerModeCountDownTimer" */ = {
			isa = XCConfigurationList;
			buildConfigurations = (
				E695B89B1CFE7312001FF2A9 /* Debug */,
				E695B89C1CFE7312001FF2A9 /* Release */,
			);
			defaultConfigurationIsVisible = 0;
			defaultConfigurationName = Release;
		};
		E695B89D1CFE7312001FF2A9 /* Build configuration list for PBXNativeTarget "UIDatePickerModeCountDownTimer" */ = {
			isa = XCConfigurationList;
			buildConfigurations = (
				E695B89E1CFE7312001FF2A9 /* Debug */,
				E695B89F1CFE7312001FF2A9 /* Release */,
			);
			defaultConfigurationIsVisible = 0;
		};
		E695B8A01CFE7312001FF2A9 /* Build configuration list for PBXNativeTarget "UIDatePickerModeCountDownTimerTests" */ = {
			isa = XCConfigurationList;
			buildConfigurations = (
				E695B8A11CFE7312001FF2A9 /* Debug */,
				E695B8A21CFE7312001FF2A9 /* Release */,
			);
			defaultConfigurationIsVisible = 0;
		};
		E695B8A31CFE7312001FF2A9 /* Build configuration list for PBXNativeTarget "UIDatePickerModeCountDownTimerUITests" */ = {
			isa = XCConfigurationList;
			buildConfigurations = (
				E695B8A41CFE7312001FF2A9 /* Debug */,
				E695B8A51CFE7312001FF2A9 /* Release */,
			);
			defaultConfigurationIsVisible = 0;
		};
/* End XCConfigurationList section */
	};
	rootObject = E695B8681CFE7312001FF2A9 /* Project object */;
}
